// !$*UTF8*$!
{
	archiveVersion = 1;
	classes = {
	};
	objectVersion = 51;
	objects = {

/* Begin PBXBuildFile section */
		0B84AF53271F181D00B40495 /* ControllerAdminExpedientes.swift in Sources */ = {isa = PBXBuildFile; fileRef = 0B84AF52271F181D00B40495 /* ControllerAdminExpedientes.swift */; };
		350F9E7F271BA6480021A545 /* UsuarioTableViewController.swift in Sources */ = {isa = PBXBuildFile; fileRef = 350F9E7E271BA6480021A545 /* UsuarioTableViewController.swift */; };
		350F9E82271BADF90021A545 /* TanatologosTableViewController.swift in Sources */ = {isa = PBXBuildFile; fileRef = 350F9E81271BADF90021A545 /* TanatologosTableViewController.swift */; };
		350F9E85271BB0550021A545 /* TanatologoTableViewCell.swift in Sources */ = {isa = PBXBuildFile; fileRef = 350F9E84271BB0550021A545 /* TanatologoTableViewCell.swift */; };
		351E3FB12702B6CD00C09617 /* AppDelegate.swift in Sources */ = {isa = PBXBuildFile; fileRef = 351E3FB02702B6CD00C09617 /* AppDelegate.swift */; };
		351E3FB32702B6CD00C09617 /* SceneDelegate.swift in Sources */ = {isa = PBXBuildFile; fileRef = 351E3FB22702B6CD00C09617 /* SceneDelegate.swift */; };
		351E3FB52702B6CD00C09617 /* ViewController.swift in Sources */ = {isa = PBXBuildFile; fileRef = 351E3FB42702B6CD00C09617 /* ViewController.swift */; };
		351E3FB82702B6CD00C09617 /* Main.storyboard in Resources */ = {isa = PBXBuildFile; fileRef = 351E3FB62702B6CD00C09617 /* Main.storyboard */; };
		351E3FBA2702B6D600C09617 /* Assets.xcassets in Resources */ = {isa = PBXBuildFile; fileRef = 351E3FB92702B6D600C09617 /* Assets.xcassets */; };
		351E3FBD2702B6D600C09617 /* LaunchScreen.storyboard in Resources */ = {isa = PBXBuildFile; fileRef = 351E3FBB2702B6D600C09617 /* LaunchScreen.storyboard */; };
		354E52922718F5A800FC877F /* EstadisticasGlobalesViewController.swift in Sources */ = {isa = PBXBuildFile; fileRef = 354E52912718F5A800FC877F /* EstadisticasGlobalesViewController.swift */; };
		3550C3AE270CEBDA00FE6844 /* SignUpViewController.swift in Sources */ = {isa = PBXBuildFile; fileRef = 3550C3AD270CEBDA00FE6844 /* SignUpViewController.swift */; };
		3550C3B1270CEBF300FE6844 /* LogInViewController.swift in Sources */ = {isa = PBXBuildFile; fileRef = 3550C3B0270CEBF300FE6844 /* LogInViewController.swift */; };
		3550C3BD270CFA3800FE6844 /* Utilities.swift in Sources */ = {isa = PBXBuildFile; fileRef = 3550C3BC270CFA3800FE6844 /* Utilities.swift */; };
		3571BCD7271FC2CE008DEC0D /* CETAC_ServiciosTests.swift in Sources */ = {isa = PBXBuildFile; fileRef = 3571BCD6271FC2CE008DEC0D /* CETAC_ServiciosTests.swift */; };
		357A87D2271A2211001BEB34 /* Top.swift in Sources */ = {isa = PBXBuildFile; fileRef = 357A87D1271A2211001BEB34 /* Top.swift */; };
		35921DFB27056E5600F7C5D4 /* NosotrosCollectionViewCell.swift in Sources */ = {isa = PBXBuildFile; fileRef = 35921DFA27056E5600F7C5D4 /* NosotrosCollectionViewCell.swift */; };
		359C2989271B73240068DD2B /* ReportesTableViewController.swift in Sources */ = {isa = PBXBuildFile; fileRef = 359C2988271B73240068DD2B /* ReportesTableViewController.swift */; };
		359C298D271B78140068DD2B /* ExpedienteTableViewCell.swift in Sources */ = {isa = PBXBuildFile; fileRef = 359C298C271B78140068DD2B /* ExpedienteTableViewCell.swift */; };
		35AC45AD271E65880008D399 /* FechasViewController.swift in Sources */ = {isa = PBXBuildFile; fileRef = 35AC45AC271E65880008D399 /* FechasViewController.swift */; };
		35AC45B0271E6ED80008D399 /* Fechas1ViewController.swift in Sources */ = {isa = PBXBuildFile; fileRef = 35AC45AF271E6ED80008D399 /* Fechas1ViewController.swift */; };
		35B8E0DE271D27AA00A56B89 /* IndivTanatologoTableViewController.swift in Sources */ = {isa = PBXBuildFile; fileRef = 35B8E0DD271D27AA00A56B89 /* IndivTanatologoTableViewController.swift */; };
		998B61FB5ABE22AE711BD1B8 /* Pods_CETAC_Servicios.framework in Frameworks */ = {isa = PBXBuildFile; fileRef = 1E1452C8B8BD5A555B09402C /* Pods_CETAC_Servicios.framework */; };
		9C496D56271CA37900DA3F4B /* Globales.swift in Sources */ = {isa = PBXBuildFile; fileRef = 9C496D55271CA37900DA3F4B /* Globales.swift */; };
		9C496D58271E7D2D00DA3F4B /* TanatologoMainViewController.swift in Sources */ = {isa = PBXBuildFile; fileRef = 9C496D57271E7D2D00DA3F4B /* TanatologoMainViewController.swift */; };
		9C607046270C0316000C5A5F /* GoogleService-Info.plist in Resources */ = {isa = PBXBuildFile; fileRef = 9C607045270C0315000C5A5F /* GoogleService-Info.plist */; };
		9CF167992717BA6E00ED0025 /* ExpedientesTableViewController.swift in Sources */ = {isa = PBXBuildFile; fileRef = 9CF167982717BA6D00ED0025 /* ExpedientesTableViewController.swift */; };
		9CF1679E2717BB1600ED0025 /* Sesion.swift in Sources */ = {isa = PBXBuildFile; fileRef = 9CF1679D2717BB1600ED0025 /* Sesion.swift */; };
		9CF167A02717BB3300ED0025 /* Fetcher.swift in Sources */ = {isa = PBXBuildFile; fileRef = 9CF1679F2717BB3300ED0025 /* Fetcher.swift */; };
		9CF167A22717BB5C00ED0025 /* Paciente.swift in Sources */ = {isa = PBXBuildFile; fileRef = 9CF167A12717BB5C00ED0025 /* Paciente.swift */; };
		9CF167A42717BB8700ED0025 /* Usuario.swift in Sources */ = {isa = PBXBuildFile; fileRef = 9CF167A32717BB8700ED0025 /* Usuario.swift */; };
		9CF167A62717BB9500ED0025 /* Indicadores.swift in Sources */ = {isa = PBXBuildFile; fileRef = 9CF167A52717BB9500ED0025 /* Indicadores.swift */; };
		9CF167A82717BBD400ED0025 /* ExpedientesTableViewCell.swift in Sources */ = {isa = PBXBuildFile; fileRef = 9CF167A72717BBD400ED0025 /* ExpedientesTableViewCell.swift */; };
		9CF167AB2717C12700ED0025 /* PacientesTableViewController.swift in Sources */ = {isa = PBXBuildFile; fileRef = 9CF167AA2717C12700ED0025 /* PacientesTableViewController.swift */; };
		9CF167AD2717C16700ED0025 /* PacientesTableViewCell.swift in Sources */ = {isa = PBXBuildFile; fileRef = 9CF167AC2717C16700ED0025 /* PacientesTableViewCell.swift */; };
		9CF167B02717C2FF00ED0025 /* NuevaSesionTableViewController.swift in Sources */ = {isa = PBXBuildFile; fileRef = 9CF167AF2717C2FF00ED0025 /* NuevaSesionTableViewController.swift */; };
		9CF167B22717C37400ED0025 /* HerramientaTableViewController.swift in Sources */ = {isa = PBXBuildFile; fileRef = 9CF167B12717C37400ED0025 /* HerramientaTableViewController.swift */; };
		9CF167B42717C3D200ED0025 /* IntervencionTableViewController.swift in Sources */ = {isa = PBXBuildFile; fileRef = 9CF167B32717C3D200ED0025 /* IntervencionTableViewController.swift */; };
		9CF167B62717C3FB00ED0025 /* MotivoTableViewController.swift in Sources */ = {isa = PBXBuildFile; fileRef = 9CF167B52717C3FB00ED0025 /* MotivoTableViewController.swift */; };
		9CF167B82717C58F00ED0025 /* TipoTableViewController.swift in Sources */ = {isa = PBXBuildFile; fileRef = 9CF167B72717C58F00ED0025 /* TipoTableViewController.swift */; };
		9CF167BB2717E46300ED0025 /* NuevoPacienteTableViewController.swift in Sources */ = {isa = PBXBuildFile; fileRef = 9CF167BA2717E46300ED0025 /* NuevoPacienteTableViewController.swift */; };
		9CF167BD2717E4AD00ED0025 /* ReligionTableViewController.swift in Sources */ = {isa = PBXBuildFile; fileRef = 9CF167BC2717E4AD00ED0025 /* ReligionTableViewController.swift */; };
		9CF167BF2717E4D100ED0025 /* SexoTableViewController.swift in Sources */ = {isa = PBXBuildFile; fileRef = 9CF167BE2717E4D100ED0025 /* SexoTableViewController.swift */; };
		9CF167C12717E54F00ED0025 /* ProcedenciaTableViewController.swift in Sources */ = {isa = PBXBuildFile; fileRef = 9CF167C02717E54F00ED0025 /* ProcedenciaTableViewController.swift */; };
		9CF167C32717E56F00ED0025 /* EstadoCivilTableViewController.swift in Sources */ = {isa = PBXBuildFile; fileRef = 9CF167C22717E56F00ED0025 /* EstadoCivilTableViewController.swift */; };
		9CF167C62717E5DB00ED0025 /* AddHijosTableViewController.swift in Sources */ = {isa = PBXBuildFile; fileRef = 9CF167C52717E5DB00ED0025 /* AddHijosTableViewController.swift */; };
		9CF167C82717E60800ED0025 /* AddHijoTableViewCell.swift in Sources */ = {isa = PBXBuildFile; fileRef = 9CF167C72717E60800ED0025 /* AddHijoTableViewCell.swift */; };
		9CF167CA2717F28800ED0025 /* MainViewController.swift in Sources */ = {isa = PBXBuildFile; fileRef = 9CF167C92717F28800ED0025 /* MainViewController.swift */; };
		F2F36D1D4E5CB2D6A600CCE8 /* Pods_CETAC_ServiciosTests.framework in Frameworks */ = {isa = PBXBuildFile; fileRef = F78C642AC5DAEFDDD399A8DE /* Pods_CETAC_ServiciosTests.framework */; };
/* End PBXBuildFile section */

/* Begin PBXContainerItemProxy section */
		3571BCD9271FC2CE008DEC0D /* PBXContainerItemProxy */ = {
			isa = PBXContainerItemProxy;
			containerPortal = 351E3FA52702B6CD00C09617 /* Project object */;
			proxyType = 1;
			remoteGlobalIDString = 351E3FAC2702B6CD00C09617;
			remoteInfo = CETAC_Servicios;
		};
/* End PBXContainerItemProxy section */

/* Begin PBXFileReference section */
		0502EC07E451EAB5E92B8AEF /* Pods-CETAC_ServiciosTests.release.xcconfig */ = {isa = PBXFileReference; includeInIndex = 1; lastKnownFileType = text.xcconfig; name = "Pods-CETAC_ServiciosTests.release.xcconfig"; path = "Target Support Files/Pods-CETAC_ServiciosTests/Pods-CETAC_ServiciosTests.release.xcconfig"; sourceTree = "<group>"; };
		0B84AF52271F181D00B40495 /* ControllerAdminExpedientes.swift */ = {isa = PBXFileReference; lastKnownFileType = sourcecode.swift; path = ControllerAdminExpedientes.swift; sourceTree = "<group>"; };
		1D0DD75A00805788904B6F8C /* Pods-CETAC_Servicios.debug.xcconfig */ = {isa = PBXFileReference; includeInIndex = 1; lastKnownFileType = text.xcconfig; name = "Pods-CETAC_Servicios.debug.xcconfig"; path = "Target Support Files/Pods-CETAC_Servicios/Pods-CETAC_Servicios.debug.xcconfig"; sourceTree = "<group>"; };
		1E1452C8B8BD5A555B09402C /* Pods_CETAC_Servicios.framework */ = {isa = PBXFileReference; explicitFileType = wrapper.framework; includeInIndex = 0; path = Pods_CETAC_Servicios.framework; sourceTree = BUILT_PRODUCTS_DIR; };
		2EC447AD2E77ED22FC4929B3 /* Pods-CETAC_Servicios.release.xcconfig */ = {isa = PBXFileReference; includeInIndex = 1; lastKnownFileType = text.xcconfig; name = "Pods-CETAC_Servicios.release.xcconfig"; path = "Target Support Files/Pods-CETAC_Servicios/Pods-CETAC_Servicios.release.xcconfig"; sourceTree = "<group>"; };
		350F9E7E271BA6480021A545 /* UsuarioTableViewController.swift */ = {isa = PBXFileReference; lastKnownFileType = sourcecode.swift; path = UsuarioTableViewController.swift; sourceTree = "<group>"; };
		350F9E81271BADF90021A545 /* TanatologosTableViewController.swift */ = {isa = PBXFileReference; lastKnownFileType = sourcecode.swift; path = TanatologosTableViewController.swift; sourceTree = "<group>"; };
		350F9E84271BB0550021A545 /* TanatologoTableViewCell.swift */ = {isa = PBXFileReference; lastKnownFileType = sourcecode.swift; path = TanatologoTableViewCell.swift; sourceTree = "<group>"; };
		351E3FAD2702B6CD00C09617 /* CETAC_Servicios.app */ = {isa = PBXFileReference; explicitFileType = wrapper.application; includeInIndex = 0; path = CETAC_Servicios.app; sourceTree = BUILT_PRODUCTS_DIR; };
		351E3FB02702B6CD00C09617 /* AppDelegate.swift */ = {isa = PBXFileReference; lastKnownFileType = sourcecode.swift; path = AppDelegate.swift; sourceTree = "<group>"; };
		351E3FB22702B6CD00C09617 /* SceneDelegate.swift */ = {isa = PBXFileReference; lastKnownFileType = sourcecode.swift; path = SceneDelegate.swift; sourceTree = "<group>"; };
		351E3FB42702B6CD00C09617 /* ViewController.swift */ = {isa = PBXFileReference; lastKnownFileType = sourcecode.swift; path = ViewController.swift; sourceTree = "<group>"; };
		351E3FB72702B6CD00C09617 /* Base */ = {isa = PBXFileReference; lastKnownFileType = file.storyboard; name = Base; path = Base.lproj/Main.storyboard; sourceTree = "<group>"; };
		351E3FB92702B6D600C09617 /* Assets.xcassets */ = {isa = PBXFileReference; lastKnownFileType = folder.assetcatalog; path = Assets.xcassets; sourceTree = "<group>"; };
		351E3FBC2702B6D600C09617 /* Base */ = {isa = PBXFileReference; lastKnownFileType = file.storyboard; name = Base; path = Base.lproj/LaunchScreen.storyboard; sourceTree = "<group>"; };
		351E3FBE2702B6D600C09617 /* Info.plist */ = {isa = PBXFileReference; lastKnownFileType = text.plist.xml; path = Info.plist; sourceTree = "<group>"; };
		354E52912718F5A800FC877F /* EstadisticasGlobalesViewController.swift */ = {isa = PBXFileReference; lastKnownFileType = sourcecode.swift; path = EstadisticasGlobalesViewController.swift; sourceTree = "<group>"; };
		3550C3AD270CEBDA00FE6844 /* SignUpViewController.swift */ = {isa = PBXFileReference; lastKnownFileType = sourcecode.swift; path = SignUpViewController.swift; sourceTree = "<group>"; };
		3550C3B0270CEBF300FE6844 /* LogInViewController.swift */ = {isa = PBXFileReference; lastKnownFileType = sourcecode.swift; path = LogInViewController.swift; sourceTree = "<group>"; };
		3550C3BC270CFA3800FE6844 /* Utilities.swift */ = {isa = PBXFileReference; lastKnownFileType = sourcecode.swift; path = Utilities.swift; sourceTree = "<group>"; };
		3571BCD4271FC2CE008DEC0D /* CETAC_ServiciosTests.xctest */ = {isa = PBXFileReference; explicitFileType = wrapper.cfbundle; includeInIndex = 0; path = CETAC_ServiciosTests.xctest; sourceTree = BUILT_PRODUCTS_DIR; };
		3571BCD6271FC2CE008DEC0D /* CETAC_ServiciosTests.swift */ = {isa = PBXFileReference; lastKnownFileType = sourcecode.swift; path = CETAC_ServiciosTests.swift; sourceTree = "<group>"; };
		3571BCD8271FC2CE008DEC0D /* Info.plist */ = {isa = PBXFileReference; lastKnownFileType = text.plist.xml; path = Info.plist; sourceTree = "<group>"; };
		357A87D1271A2211001BEB34 /* Top.swift */ = {isa = PBXFileReference; lastKnownFileType = sourcecode.swift; path = Top.swift; sourceTree = "<group>"; };
		35921DFA27056E5600F7C5D4 /* NosotrosCollectionViewCell.swift */ = {isa = PBXFileReference; lastKnownFileType = sourcecode.swift; path = NosotrosCollectionViewCell.swift; sourceTree = "<group>"; };
		359C2988271B73240068DD2B /* ReportesTableViewController.swift */ = {isa = PBXFileReference; lastKnownFileType = sourcecode.swift; path = ReportesTableViewController.swift; sourceTree = "<group>"; };
		359C298C271B78140068DD2B /* ExpedienteTableViewCell.swift */ = {isa = PBXFileReference; lastKnownFileType = sourcecode.swift; path = ExpedienteTableViewCell.swift; sourceTree = "<group>"; };
		35AC45AC271E65880008D399 /* FechasViewController.swift */ = {isa = PBXFileReference; lastKnownFileType = sourcecode.swift; path = FechasViewController.swift; sourceTree = "<group>"; };
		35AC45AF271E6ED80008D399 /* Fechas1ViewController.swift */ = {isa = PBXFileReference; lastKnownFileType = sourcecode.swift; path = Fechas1ViewController.swift; sourceTree = "<group>"; };
		35B8E0DD271D27AA00A56B89 /* IndivTanatologoTableViewController.swift */ = {isa = PBXFileReference; lastKnownFileType = sourcecode.swift; path = IndivTanatologoTableViewController.swift; sourceTree = "<group>"; };
		8D1CC92EF11F1C79FBBA2D31 /* Pods-CETAC_ServiciosTests.debug.xcconfig */ = {isa = PBXFileReference; includeInIndex = 1; lastKnownFileType = text.xcconfig; name = "Pods-CETAC_ServiciosTests.debug.xcconfig"; path = "Target Support Files/Pods-CETAC_ServiciosTests/Pods-CETAC_ServiciosTests.debug.xcconfig"; sourceTree = "<group>"; };
		9C496D55271CA37900DA3F4B /* Globales.swift */ = {isa = PBXFileReference; lastKnownFileType = sourcecode.swift; path = Globales.swift; sourceTree = "<group>"; };
		9C496D57271E7D2D00DA3F4B /* TanatologoMainViewController.swift */ = {isa = PBXFileReference; lastKnownFileType = sourcecode.swift; path = TanatologoMainViewController.swift; sourceTree = "<group>"; };
		9C607045270C0315000C5A5F /* GoogleService-Info.plist */ = {isa = PBXFileReference; fileEncoding = 4; lastKnownFileType = text.plist.xml; path = "GoogleService-Info.plist"; sourceTree = "<group>"; };
		9CF167982717BA6D00ED0025 /* ExpedientesTableViewController.swift */ = {isa = PBXFileReference; lastKnownFileType = sourcecode.swift; path = ExpedientesTableViewController.swift; sourceTree = "<group>"; };
		9CF1679D2717BB1600ED0025 /* Sesion.swift */ = {isa = PBXFileReference; lastKnownFileType = sourcecode.swift; path = Sesion.swift; sourceTree = "<group>"; };
		9CF1679F2717BB3300ED0025 /* Fetcher.swift */ = {isa = PBXFileReference; lastKnownFileType = sourcecode.swift; path = Fetcher.swift; sourceTree = "<group>"; };
		9CF167A12717BB5C00ED0025 /* Paciente.swift */ = {isa = PBXFileReference; lastKnownFileType = sourcecode.swift; path = Paciente.swift; sourceTree = "<group>"; };
		9CF167A32717BB8700ED0025 /* Usuario.swift */ = {isa = PBXFileReference; lastKnownFileType = sourcecode.swift; path = Usuario.swift; sourceTree = "<group>"; };
		9CF167A52717BB9500ED0025 /* Indicadores.swift */ = {isa = PBXFileReference; lastKnownFileType = sourcecode.swift; path = Indicadores.swift; sourceTree = "<group>"; };
		9CF167A72717BBD400ED0025 /* ExpedientesTableViewCell.swift */ = {isa = PBXFileReference; lastKnownFileType = sourcecode.swift; path = ExpedientesTableViewCell.swift; sourceTree = "<group>"; };
		9CF167AA2717C12700ED0025 /* PacientesTableViewController.swift */ = {isa = PBXFileReference; lastKnownFileType = sourcecode.swift; path = PacientesTableViewController.swift; sourceTree = "<group>"; };
		9CF167AC2717C16700ED0025 /* PacientesTableViewCell.swift */ = {isa = PBXFileReference; lastKnownFileType = sourcecode.swift; path = PacientesTableViewCell.swift; sourceTree = "<group>"; };
		9CF167AF2717C2FF00ED0025 /* NuevaSesionTableViewController.swift */ = {isa = PBXFileReference; lastKnownFileType = sourcecode.swift; path = NuevaSesionTableViewController.swift; sourceTree = "<group>"; };
		9CF167B12717C37400ED0025 /* HerramientaTableViewController.swift */ = {isa = PBXFileReference; lastKnownFileType = sourcecode.swift; path = HerramientaTableViewController.swift; sourceTree = "<group>"; };
		9CF167B32717C3D200ED0025 /* IntervencionTableViewController.swift */ = {isa = PBXFileReference; lastKnownFileType = sourcecode.swift; path = IntervencionTableViewController.swift; sourceTree = "<group>"; };
		9CF167B52717C3FB00ED0025 /* MotivoTableViewController.swift */ = {isa = PBXFileReference; lastKnownFileType = sourcecode.swift; path = MotivoTableViewController.swift; sourceTree = "<group>"; };
		9CF167B72717C58F00ED0025 /* TipoTableViewController.swift */ = {isa = PBXFileReference; lastKnownFileType = sourcecode.swift; path = TipoTableViewController.swift; sourceTree = "<group>"; };
		9CF167BA2717E46300ED0025 /* NuevoPacienteTableViewController.swift */ = {isa = PBXFileReference; lastKnownFileType = sourcecode.swift; path = NuevoPacienteTableViewController.swift; sourceTree = "<group>"; };
		9CF167BC2717E4AD00ED0025 /* ReligionTableViewController.swift */ = {isa = PBXFileReference; lastKnownFileType = sourcecode.swift; path = ReligionTableViewController.swift; sourceTree = "<group>"; };
		9CF167BE2717E4D100ED0025 /* SexoTableViewController.swift */ = {isa = PBXFileReference; lastKnownFileType = sourcecode.swift; path = SexoTableViewController.swift; sourceTree = "<group>"; };
		9CF167C02717E54F00ED0025 /* ProcedenciaTableViewController.swift */ = {isa = PBXFileReference; lastKnownFileType = sourcecode.swift; path = ProcedenciaTableViewController.swift; sourceTree = "<group>"; };
		9CF167C22717E56F00ED0025 /* EstadoCivilTableViewController.swift */ = {isa = PBXFileReference; lastKnownFileType = sourcecode.swift; path = EstadoCivilTableViewController.swift; sourceTree = "<group>"; };
		9CF167C52717E5DB00ED0025 /* AddHijosTableViewController.swift */ = {isa = PBXFileReference; lastKnownFileType = sourcecode.swift; path = AddHijosTableViewController.swift; sourceTree = "<group>"; };
		9CF167C72717E60800ED0025 /* AddHijoTableViewCell.swift */ = {isa = PBXFileReference; lastKnownFileType = sourcecode.swift; path = AddHijoTableViewCell.swift; sourceTree = "<group>"; };
		9CF167C92717F28800ED0025 /* MainViewController.swift */ = {isa = PBXFileReference; lastKnownFileType = sourcecode.swift; path = MainViewController.swift; sourceTree = "<group>"; };
		F78C642AC5DAEFDDD399A8DE /* Pods_CETAC_ServiciosTests.framework */ = {isa = PBXFileReference; explicitFileType = wrapper.framework; includeInIndex = 0; path = Pods_CETAC_ServiciosTests.framework; sourceTree = BUILT_PRODUCTS_DIR; };
/* End PBXFileReference section */

/* Begin PBXFrameworksBuildPhase section */
		351E3FAA2702B6CD00C09617 /* Frameworks */ = {
			isa = PBXFrameworksBuildPhase;
			buildActionMask = 2147483647;
			files = (
				998B61FB5ABE22AE711BD1B8 /* Pods_CETAC_Servicios.framework in Frameworks */,
			);
			runOnlyForDeploymentPostprocessing = 0;
		};
		3571BCD1271FC2CE008DEC0D /* Frameworks */ = {
			isa = PBXFrameworksBuildPhase;
			buildActionMask = 2147483647;
			files = (
				F2F36D1D4E5CB2D6A600CCE8 /* Pods_CETAC_ServiciosTests.framework in Frameworks */,
			);
			runOnlyForDeploymentPostprocessing = 0;
		};
/* End PBXFrameworksBuildPhase section */

/* Begin PBXGroup section */
		0682A477A803A5AB5F8CE537 /* Pods */ = {
			isa = PBXGroup;
			children = (
				1D0DD75A00805788904B6F8C /* Pods-CETAC_Servicios.debug.xcconfig */,
				2EC447AD2E77ED22FC4929B3 /* Pods-CETAC_Servicios.release.xcconfig */,
				8D1CC92EF11F1C79FBBA2D31 /* Pods-CETAC_ServiciosTests.debug.xcconfig */,
				0502EC07E451EAB5E92B8AEF /* Pods-CETAC_ServiciosTests.release.xcconfig */,
			);
			path = Pods;
			sourceTree = "<group>";
		};
		0B84AF51271F17F800B40495 /* Admin */ = {
			isa = PBXGroup;
			children = (
				0B84AF52271F181D00B40495 /* ControllerAdminExpedientes.swift */,
			);
			path = Admin;
			sourceTree = "<group>";
		};
		351E3FA42702B6CD00C09617 = {
			isa = PBXGroup;
			children = (
				351E3FAF2702B6CD00C09617 /* CETAC_Servicios */,
				3571BCD5271FC2CE008DEC0D /* CETAC_ServiciosTests */,
				351E3FAE2702B6CD00C09617 /* Products */,
				0682A477A803A5AB5F8CE537 /* Pods */,
				42EA7F06CC9DEC5AAE2A23EC /* Frameworks */,
			);
			sourceTree = "<group>";
		};
		351E3FAE2702B6CD00C09617 /* Products */ = {
			isa = PBXGroup;
			children = (
				351E3FAD2702B6CD00C09617 /* CETAC_Servicios.app */,
				3571BCD4271FC2CE008DEC0D /* CETAC_ServiciosTests.xctest */,
			);
			name = Products;
			sourceTree = "<group>";
		};
		351E3FAF2702B6CD00C09617 /* CETAC_Servicios */ = {
			isa = PBXGroup;
			children = (
				9CF1679C2717BAFA00ED0025 /* Models */,
				9CF167972717BA4800ED0025 /* Controllers */,
				3550C3BB270CFA2100FE6844 /* Helpers */,
				351E3FB02702B6CD00C09617 /* AppDelegate.swift */,
				351E3FB22702B6CD00C09617 /* SceneDelegate.swift */,
				351E3FB42702B6CD00C09617 /* ViewController.swift */,
				351E3FB62702B6CD00C09617 /* Main.storyboard */,
				351E3FB92702B6D600C09617 /* Assets.xcassets */,
				351E3FBB2702B6D600C09617 /* LaunchScreen.storyboard */,
				351E3FBE2702B6D600C09617 /* Info.plist */,
				35921DFA27056E5600F7C5D4 /* NosotrosCollectionViewCell.swift */,
				9C607045270C0315000C5A5F /* GoogleService-Info.plist */,
			);
			path = CETAC_Servicios;
			sourceTree = "<group>";
		};
		354E52902718F57000FC877F /* Estadisticas */ = {
			isa = PBXGroup;
			children = (
				354E52912718F5A800FC877F /* EstadisticasGlobalesViewController.swift */,
			);
			path = Estadisticas;
			sourceTree = "<group>";
		};
		3550C3BB270CFA2100FE6844 /* Helpers */ = {
			isa = PBXGroup;
			children = (
				3550C3BC270CFA3800FE6844 /* Utilities.swift */,
			);
			path = Helpers;
			sourceTree = "<group>";
		};
		3571BCD5271FC2CE008DEC0D /* CETAC_ServiciosTests */ = {
			isa = PBXGroup;
			children = (
				3571BCD6271FC2CE008DEC0D /* CETAC_ServiciosTests.swift */,
				3571BCD8271FC2CE008DEC0D /* Info.plist */,
			);
			path = CETAC_ServiciosTests;
			sourceTree = "<group>";
		};
		359C2985271B6DA60068DD2B /* IniciarSesion */ = {
			isa = PBXGroup;
			children = (
				3550C3AD270CEBDA00FE6844 /* SignUpViewController.swift */,
				3550C3B0270CEBF300FE6844 /* LogInViewController.swift */,
			);
			path = IniciarSesion;
			sourceTree = "<group>";
		};
		359C2987271B72EB0068DD2B /* Soporte */ = {
			isa = PBXGroup;
			children = (
				359C2988271B73240068DD2B /* ReportesTableViewController.swift */,
				359C298C271B78140068DD2B /* ExpedienteTableViewCell.swift */,
				350F9E7E271BA6480021A545 /* UsuarioTableViewController.swift */,
				350F9E81271BADF90021A545 /* TanatologosTableViewController.swift */,
				350F9E84271BB0550021A545 /* TanatologoTableViewCell.swift */,
				35B8E0DD271D27AA00A56B89 /* IndivTanatologoTableViewController.swift */,
				35AC45AC271E65880008D399 /* FechasViewController.swift */,
				35AC45AF271E6ED80008D399 /* Fechas1ViewController.swift */,
			);
			path = Soporte;
			sourceTree = "<group>";
		};
		42EA7F06CC9DEC5AAE2A23EC /* Frameworks */ = {
			isa = PBXGroup;
			children = (
				1E1452C8B8BD5A555B09402C /* Pods_CETAC_Servicios.framework */,
				F78C642AC5DAEFDDD399A8DE /* Pods_CETAC_ServiciosTests.framework */,
			);
			name = Frameworks;
			sourceTree = "<group>";
		};
		9CF167972717BA4800ED0025 /* Controllers */ = {
			isa = PBXGroup;
			children = (
				0B84AF51271F17F800B40495 /* Admin */,
				359C2987271B72EB0068DD2B /* Soporte */,
				359C2985271B6DA60068DD2B /* IniciarSesion */,
				354E52902718F57000FC877F /* Estadisticas */,
				9CF167C42717E5C800ED0025 /* Hijos */,
				9CF167B92717E3BB00ED0025 /* Usuario */,
				9CF167AE2717C2CF00ED0025 /* Sesion */,
				9CF167A92717C10C00ED0025 /* Pacientes */,
				9CF1679B2717BAA000ED0025 /* Expediente */,
				9CF167C92717F28800ED0025 /* MainViewController.swift */,
			);
			path = Controllers;
			sourceTree = "<group>";
		};
		9CF1679B2717BAA000ED0025 /* Expediente */ = {
			isa = PBXGroup;
			children = (
				9CF167982717BA6D00ED0025 /* ExpedientesTableViewController.swift */,
				9CF167A72717BBD400ED0025 /* ExpedientesTableViewCell.swift */,
			);
			path = Expediente;
			sourceTree = "<group>";
		};
		9CF1679C2717BAFA00ED0025 /* Models */ = {
			isa = PBXGroup;
			children = (
				9CF1679D2717BB1600ED0025 /* Sesion.swift */,
				9CF1679F2717BB3300ED0025 /* Fetcher.swift */,
				9CF167A12717BB5C00ED0025 /* Paciente.swift */,
				9CF167A32717BB8700ED0025 /* Usuario.swift */,
				9CF167A52717BB9500ED0025 /* Indicadores.swift */,
				357A87D1271A2211001BEB34 /* Top.swift */,
				9C496D55271CA37900DA3F4B /* Globales.swift */,
			);
			path = Models;
			sourceTree = "<group>";
		};
		9CF167A92717C10C00ED0025 /* Pacientes */ = {
			isa = PBXGroup;
			children = (
				9CF167AA2717C12700ED0025 /* PacientesTableViewController.swift */,
				9CF167AC2717C16700ED0025 /* PacientesTableViewCell.swift */,
			);
			path = Pacientes;
			sourceTree = "<group>";
		};
		9CF167AE2717C2CF00ED0025 /* Sesion */ = {
			isa = PBXGroup;
			children = (
				9CF167AF2717C2FF00ED0025 /* NuevaSesionTableViewController.swift */,
				9CF167B12717C37400ED0025 /* HerramientaTableViewController.swift */,
				9CF167B32717C3D200ED0025 /* IntervencionTableViewController.swift */,
				9CF167B52717C3FB00ED0025 /* MotivoTableViewController.swift */,
				9CF167B72717C58F00ED0025 /* TipoTableViewController.swift */,
				9C496D57271E7D2D00DA3F4B /* TanatologoMainViewController.swift */,
			);
			path = Sesion;
			sourceTree = "<group>";
		};
		9CF167B92717E3BB00ED0025 /* Usuario */ = {
			isa = PBXGroup;
			children = (
				9CF167BA2717E46300ED0025 /* NuevoPacienteTableViewController.swift */,
				9CF167BC2717E4AD00ED0025 /* ReligionTableViewController.swift */,
				9CF167BE2717E4D100ED0025 /* SexoTableViewController.swift */,
				9CF167C02717E54F00ED0025 /* ProcedenciaTableViewController.swift */,
				9CF167C22717E56F00ED0025 /* EstadoCivilTableViewController.swift */,
			);
			path = Usuario;
			sourceTree = "<group>";
		};
		9CF167C42717E5C800ED0025 /* Hijos */ = {
			isa = PBXGroup;
			children = (
				9CF167C52717E5DB00ED0025 /* AddHijosTableViewController.swift */,
				9CF167C72717E60800ED0025 /* AddHijoTableViewCell.swift */,
			);
			path = Hijos;
			sourceTree = "<group>";
		};
/* End PBXGroup section */

/* Begin PBXNativeTarget section */
		351E3FAC2702B6CD00C09617 /* CETAC_Servicios */ = {
			isa = PBXNativeTarget;
			buildConfigurationList = 351E3FC12702B6D700C09617 /* Build configuration list for PBXNativeTarget "CETAC_Servicios" */;
			buildPhases = (
				E6C363374D4FA033D6DA771A /* [CP] Check Pods Manifest.lock */,
				351E3FA92702B6CD00C09617 /* Sources */,
				351E3FAA2702B6CD00C09617 /* Frameworks */,
				351E3FAB2702B6CD00C09617 /* Resources */,
				099F537545E349F3B6D0F2FC /* [CP] Embed Pods Frameworks */,
			);
			buildRules = (
			);
			dependencies = (
			);
			name = CETAC_Servicios;
			productName = CETAC_Servicios;
			productReference = 351E3FAD2702B6CD00C09617 /* CETAC_Servicios.app */;
			productType = "com.apple.product-type.application";
		};
		3571BCD3271FC2CE008DEC0D /* CETAC_ServiciosTests */ = {
			isa = PBXNativeTarget;
			buildConfigurationList = 3571BCDB271FC2CE008DEC0D /* Build configuration list for PBXNativeTarget "CETAC_ServiciosTests" */;
			buildPhases = (
				4065F29BC7AFB7CB14D479BD /* [CP] Check Pods Manifest.lock */,
				3571BCD0271FC2CE008DEC0D /* Sources */,
				3571BCD1271FC2CE008DEC0D /* Frameworks */,
				3571BCD2271FC2CE008DEC0D /* Resources */,
			);
			buildRules = (
			);
			dependencies = (
				3571BCDA271FC2CE008DEC0D /* PBXTargetDependency */,
			);
			name = CETAC_ServiciosTests;
			productName = CETAC_ServiciosTests;
			productReference = 3571BCD4271FC2CE008DEC0D /* CETAC_ServiciosTests.xctest */;
			productType = "com.apple.product-type.bundle.unit-test";
		};
/* End PBXNativeTarget section */

/* Begin PBXProject section */
		351E3FA52702B6CD00C09617 /* Project object */ = {
			isa = PBXProject;
			attributes = {
				LastSwiftUpdateCheck = 1240;
				LastUpgradeCheck = 1240;
				TargetAttributes = {
					351E3FAC2702B6CD00C09617 = {
						CreatedOnToolsVersion = 12.4;
					};
					3571BCD3271FC2CE008DEC0D = {
						CreatedOnToolsVersion = 12.4;
						TestTargetID = 351E3FAC2702B6CD00C09617;
					};
				};
			};
			buildConfigurationList = 351E3FA82702B6CD00C09617 /* Build configuration list for PBXProject "CETAC_Servicios" */;
			compatibilityVersion = "Xcode 9.3";
			developmentRegion = en;
			hasScannedForEncodings = 0;
			knownRegions = (
				en,
				Base,
			);
			mainGroup = 351E3FA42702B6CD00C09617;
			productRefGroup = 351E3FAE2702B6CD00C09617 /* Products */;
			projectDirPath = "";
			projectRoot = "";
			targets = (
				351E3FAC2702B6CD00C09617 /* CETAC_Servicios */,
				3571BCD3271FC2CE008DEC0D /* CETAC_ServiciosTests */,
			);
		};
/* End PBXProject section */

/* Begin PBXResourcesBuildPhase section */
		351E3FAB2702B6CD00C09617 /* Resources */ = {
			isa = PBXResourcesBuildPhase;
			buildActionMask = 2147483647;
			files = (
				351E3FBD2702B6D600C09617 /* LaunchScreen.storyboard in Resources */,
				9C607046270C0316000C5A5F /* GoogleService-Info.plist in Resources */,
				351E3FBA2702B6D600C09617 /* Assets.xcassets in Resources */,
				351E3FB82702B6CD00C09617 /* Main.storyboard in Resources */,
			);
			runOnlyForDeploymentPostprocessing = 0;
		};
		3571BCD2271FC2CE008DEC0D /* Resources */ = {
			isa = PBXResourcesBuildPhase;
			buildActionMask = 2147483647;
			files = (
			);
			runOnlyForDeploymentPostprocessing = 0;
		};
/* End PBXResourcesBuildPhase section */

/* Begin PBXShellScriptBuildPhase section */
		099F537545E349F3B6D0F2FC /* [CP] Embed Pods Frameworks */ = {
			isa = PBXShellScriptBuildPhase;
			buildActionMask = 2147483647;
			files = (
			);
			inputFileListPaths = (
				"${PODS_ROOT}/Target Support Files/Pods-CETAC_Servicios/Pods-CETAC_Servicios-frameworks-${CONFIGURATION}-input-files.xcfilelist",
			);
			name = "[CP] Embed Pods Frameworks";
			outputFileListPaths = (
				"${PODS_ROOT}/Target Support Files/Pods-CETAC_Servicios/Pods-CETAC_Servicios-frameworks-${CONFIGURATION}-output-files.xcfilelist",
			);
			runOnlyForDeploymentPostprocessing = 0;
			shellPath = /bin/sh;
			shellScript = "\"${PODS_ROOT}/Target Support Files/Pods-CETAC_Servicios/Pods-CETAC_Servicios-frameworks.sh\"\n";
			showEnvVarsInLog = 0;
		};
		4065F29BC7AFB7CB14D479BD /* [CP] Check Pods Manifest.lock */ = {
			isa = PBXShellScriptBuildPhase;
			buildActionMask = 2147483647;
			files = (
			);
			inputFileListPaths = (
			);
			inputPaths = (
				"${PODS_PODFILE_DIR_PATH}/Podfile.lock",
				"${PODS_ROOT}/Manifest.lock",
			);
			name = "[CP] Check Pods Manifest.lock";
			outputFileListPaths = (
			);
			outputPaths = (
				"$(DERIVED_FILE_DIR)/Pods-CETAC_ServiciosTests-checkManifestLockResult.txt",
			);
			runOnlyForDeploymentPostprocessing = 0;
			shellPath = /bin/sh;
			shellScript = "diff \"${PODS_PODFILE_DIR_PATH}/Podfile.lock\" \"${PODS_ROOT}/Manifest.lock\" > /dev/null\nif [ $? != 0 ] ; then\n    # print error to STDERR\n    echo \"error: The sandbox is not in sync with the Podfile.lock. Run 'pod install' or update your CocoaPods installation.\" >&2\n    exit 1\nfi\n# This output is used by Xcode 'outputs' to avoid re-running this script phase.\necho \"SUCCESS\" > \"${SCRIPT_OUTPUT_FILE_0}\"\n";
			showEnvVarsInLog = 0;
		};
		E6C363374D4FA033D6DA771A /* [CP] Check Pods Manifest.lock */ = {
			isa = PBXShellScriptBuildPhase;
			buildActionMask = 2147483647;
			files = (
			);
			inputFileListPaths = (
			);
			inputPaths = (
				"${PODS_PODFILE_DIR_PATH}/Podfile.lock",
				"${PODS_ROOT}/Manifest.lock",
			);
			name = "[CP] Check Pods Manifest.lock";
			outputFileListPaths = (
			);
			outputPaths = (
				"$(DERIVED_FILE_DIR)/Pods-CETAC_Servicios-checkManifestLockResult.txt",
			);
			runOnlyForDeploymentPostprocessing = 0;
			shellPath = /bin/sh;
			shellScript = "diff \"${PODS_PODFILE_DIR_PATH}/Podfile.lock\" \"${PODS_ROOT}/Manifest.lock\" > /dev/null\nif [ $? != 0 ] ; then\n    # print error to STDERR\n    echo \"error: The sandbox is not in sync with the Podfile.lock. Run 'pod install' or update your CocoaPods installation.\" >&2\n    exit 1\nfi\n# This output is used by Xcode 'outputs' to avoid re-running this script phase.\necho \"SUCCESS\" > \"${SCRIPT_OUTPUT_FILE_0}\"\n";
			showEnvVarsInLog = 0;
		};
/* End PBXShellScriptBuildPhase section */

/* Begin PBXSourcesBuildPhase section */
		351E3FA92702B6CD00C09617 /* Sources */ = {
			isa = PBXSourcesBuildPhase;
			buildActionMask = 2147483647;
			files = (
				9CF167A62717BB9500ED0025 /* Indicadores.swift in Sources */,
				351E3FB52702B6CD00C09617 /* ViewController.swift in Sources */,
				9CF167B82717C58F00ED0025 /* TipoTableViewController.swift in Sources */,
				9C496D58271E7D2D00DA3F4B /* TanatologoMainViewController.swift in Sources */,
				351E3FB12702B6CD00C09617 /* AppDelegate.swift in Sources */,
				9CF167A82717BBD400ED0025 /* ExpedientesTableViewCell.swift in Sources */,
				3550C3B1270CEBF300FE6844 /* LogInViewController.swift in Sources */,
				9CF167A22717BB5C00ED0025 /* Paciente.swift in Sources */,
				9CF1679E2717BB1600ED0025 /* Sesion.swift in Sources */,
				35921DFB27056E5600F7C5D4 /* NosotrosCollectionViewCell.swift in Sources */,
				9CF167C12717E54F00ED0025 /* ProcedenciaTableViewController.swift in Sources */,
				9C496D56271CA37900DA3F4B /* Globales.swift in Sources */,
				9CF167A42717BB8700ED0025 /* Usuario.swift in Sources */,
				359C2989271B73240068DD2B /* ReportesTableViewController.swift in Sources */,
				357A87D2271A2211001BEB34 /* Top.swift in Sources */,
				35AC45AD271E65880008D399 /* FechasViewController.swift in Sources */,
				354E52922718F5A800FC877F /* EstadisticasGlobalesViewController.swift in Sources */,
				351E3FB32702B6CD00C09617 /* SceneDelegate.swift in Sources */,
				9CF167BD2717E4AD00ED0025 /* ReligionTableViewController.swift in Sources */,
				9CF167B42717C3D200ED0025 /* IntervencionTableViewController.swift in Sources */,
				9CF167C82717E60800ED0025 /* AddHijoTableViewCell.swift in Sources */,
				9CF167AD2717C16700ED0025 /* PacientesTableViewCell.swift in Sources */,
				9CF167C32717E56F00ED0025 /* EstadoCivilTableViewController.swift in Sources */,
				3550C3BD270CFA3800FE6844 /* Utilities.swift in Sources */,
				9CF167BB2717E46300ED0025 /* NuevoPacienteTableViewController.swift in Sources */,
				35AC45B0271E6ED80008D399 /* Fechas1ViewController.swift in Sources */,
				9CF167992717BA6E00ED0025 /* ExpedientesTableViewController.swift in Sources */,
				9CF167CA2717F28800ED0025 /* MainViewController.swift in Sources */,
				0B84AF53271F181D00B40495 /* ControllerAdminExpedientes.swift in Sources */,
				350F9E82271BADF90021A545 /* TanatologosTableViewController.swift in Sources */,
				35B8E0DE271D27AA00A56B89 /* IndivTanatologoTableViewController.swift in Sources */,
				9CF167A02717BB3300ED0025 /* Fetcher.swift in Sources */,
				9CF167B62717C3FB00ED0025 /* MotivoTableViewController.swift in Sources */,
				350F9E7F271BA6480021A545 /* UsuarioTableViewController.swift in Sources */,
				9CF167BF2717E4D100ED0025 /* SexoTableViewController.swift in Sources */,
				9CF167AB2717C12700ED0025 /* PacientesTableViewController.swift in Sources */,
				359C298D271B78140068DD2B /* ExpedienteTableViewCell.swift in Sources */,
				9CF167B02717C2FF00ED0025 /* NuevaSesionTableViewController.swift in Sources */,
				3550C3AE270CEBDA00FE6844 /* SignUpViewController.swift in Sources */,
				9CF167B22717C37400ED0025 /* HerramientaTableViewController.swift in Sources */,
				9CF167C62717E5DB00ED0025 /* AddHijosTableViewController.swift in Sources */,
				350F9E85271BB0550021A545 /* TanatologoTableViewCell.swift in Sources */,
			);
			runOnlyForDeploymentPostprocessing = 0;
		};
		3571BCD0271FC2CE008DEC0D /* Sources */ = {
			isa = PBXSourcesBuildPhase;
			buildActionMask = 2147483647;
			files = (
				3571BCD7271FC2CE008DEC0D /* CETAC_ServiciosTests.swift in Sources */,
			);
			runOnlyForDeploymentPostprocessing = 0;
		};
/* End PBXSourcesBuildPhase section */

/* Begin PBXTargetDependency section */
		3571BCDA271FC2CE008DEC0D /* PBXTargetDependency */ = {
			isa = PBXTargetDependency;
			target = 351E3FAC2702B6CD00C09617 /* CETAC_Servicios */;
			targetProxy = 3571BCD9271FC2CE008DEC0D /* PBXContainerItemProxy */;
		};
/* End PBXTargetDependency section */

/* Begin PBXVariantGroup section */
		351E3FB62702B6CD00C09617 /* Main.storyboard */ = {
			isa = PBXVariantGroup;
			children = (
				351E3FB72702B6CD00C09617 /* Base */,
			);
			name = Main.storyboard;
			sourceTree = "<group>";
		};
		351E3FBB2702B6D600C09617 /* LaunchScreen.storyboard */ = {
			isa = PBXVariantGroup;
			children = (
				351E3FBC2702B6D600C09617 /* Base */,
			);
			name = LaunchScreen.storyboard;
			sourceTree = "<group>";
		};
/* End PBXVariantGroup section */

/* Begin XCBuildConfiguration section */
		351E3FBF2702B6D700C09617 /* Debug */ = {
			isa = XCBuildConfiguration;
			buildSettings = {
				ALWAYS_SEARCH_USER_PATHS = NO;
				CLANG_ANALYZER_NONNULL = YES;
				CLANG_ANALYZER_NUMBER_OBJECT_CONVERSION = YES_AGGRESSIVE;
				CLANG_CXX_LANGUAGE_STANDARD = "gnu++14";
				CLANG_CXX_LIBRARY = "libc++";
				CLANG_ENABLE_MODULES = YES;
				CLANG_ENABLE_OBJC_ARC = YES;
				CLANG_ENABLE_OBJC_WEAK = YES;
				CLANG_WARN_BLOCK_CAPTURE_AUTORELEASING = YES;
				CLANG_WARN_BOOL_CONVERSION = YES;
				CLANG_WARN_COMMA = YES;
				CLANG_WARN_CONSTANT_CONVERSION = YES;
				CLANG_WARN_DEPRECATED_OBJC_IMPLEMENTATIONS = YES;
				CLANG_WARN_DIRECT_OBJC_ISA_USAGE = YES_ERROR;
				CLANG_WARN_DOCUMENTATION_COMMENTS = YES;
				CLANG_WARN_EMPTY_BODY = YES;
				CLANG_WARN_ENUM_CONVERSION = YES;
				CLANG_WARN_INFINITE_RECURSION = YES;
				CLANG_WARN_INT_CONVERSION = YES;
				CLANG_WARN_NON_LITERAL_NULL_CONVERSION = YES;
				CLANG_WARN_OBJC_IMPLICIT_RETAIN_SELF = YES;
				CLANG_WARN_OBJC_LITERAL_CONVERSION = YES;
				CLANG_WARN_OBJC_ROOT_CLASS = YES_ERROR;
				CLANG_WARN_QUOTED_INCLUDE_IN_FRAMEWORK_HEADER = YES;
				CLANG_WARN_RANGE_LOOP_ANALYSIS = YES;
				CLANG_WARN_STRICT_PROTOTYPES = YES;
				CLANG_WARN_SUSPICIOUS_MOVE = YES;
				CLANG_WARN_UNGUARDED_AVAILABILITY = YES_AGGRESSIVE;
				CLANG_WARN_UNREACHABLE_CODE = YES;
				CLANG_WARN__DUPLICATE_METHOD_MATCH = YES;
				COPY_PHASE_STRIP = NO;
				DEBUG_INFORMATION_FORMAT = dwarf;
				ENABLE_STRICT_OBJC_MSGSEND = YES;
				ENABLE_TESTABILITY = YES;
				GCC_C_LANGUAGE_STANDARD = gnu11;
				GCC_DYNAMIC_NO_PIC = NO;
				GCC_NO_COMMON_BLOCKS = YES;
				GCC_OPTIMIZATION_LEVEL = 0;
				GCC_PREPROCESSOR_DEFINITIONS = (
					"DEBUG=1",
					"$(inherited)",
				);
				GCC_WARN_64_TO_32_BIT_CONVERSION = YES;
				GCC_WARN_ABOUT_RETURN_TYPE = YES_ERROR;
				GCC_WARN_UNDECLARED_SELECTOR = YES;
				GCC_WARN_UNINITIALIZED_AUTOS = YES_AGGRESSIVE;
				GCC_WARN_UNUSED_FUNCTION = YES;
				GCC_WARN_UNUSED_VARIABLE = YES;
				IPHONEOS_DEPLOYMENT_TARGET = 14.4;
				MTL_ENABLE_DEBUG_INFO = INCLUDE_SOURCE;
				MTL_FAST_MATH = YES;
				ONLY_ACTIVE_ARCH = YES;
				SDKROOT = iphoneos;
				SWIFT_ACTIVE_COMPILATION_CONDITIONS = DEBUG;
				SWIFT_OPTIMIZATION_LEVEL = "-Onone";
			};
			name = Debug;
		};
		351E3FC02702B6D700C09617 /* Release */ = {
			isa = XCBuildConfiguration;
			buildSettings = {
				ALWAYS_SEARCH_USER_PATHS = NO;
				CLANG_ANALYZER_NONNULL = YES;
				CLANG_ANALYZER_NUMBER_OBJECT_CONVERSION = YES_AGGRESSIVE;
				CLANG_CXX_LANGUAGE_STANDARD = "gnu++14";
				CLANG_CXX_LIBRARY = "libc++";
				CLANG_ENABLE_MODULES = YES;
				CLANG_ENABLE_OBJC_ARC = YES;
				CLANG_ENABLE_OBJC_WEAK = YES;
				CLANG_WARN_BLOCK_CAPTURE_AUTORELEASING = YES;
				CLANG_WARN_BOOL_CONVERSION = YES;
				CLANG_WARN_COMMA = YES;
				CLANG_WARN_CONSTANT_CONVERSION = YES;
				CLANG_WARN_DEPRECATED_OBJC_IMPLEMENTATIONS = YES;
				CLANG_WARN_DIRECT_OBJC_ISA_USAGE = YES_ERROR;
				CLANG_WARN_DOCUMENTATION_COMMENTS = YES;
				CLANG_WARN_EMPTY_BODY = YES;
				CLANG_WARN_ENUM_CONVERSION = YES;
				CLANG_WARN_INFINITE_RECURSION = YES;
				CLANG_WARN_INT_CONVERSION = YES;
				CLANG_WARN_NON_LITERAL_NULL_CONVERSION = YES;
				CLANG_WARN_OBJC_IMPLICIT_RETAIN_SELF = YES;
				CLANG_WARN_OBJC_LITERAL_CONVERSION = YES;
				CLANG_WARN_OBJC_ROOT_CLASS = YES_ERROR;
				CLANG_WARN_QUOTED_INCLUDE_IN_FRAMEWORK_HEADER = YES;
				CLANG_WARN_RANGE_LOOP_ANALYSIS = YES;
				CLANG_WARN_STRICT_PROTOTYPES = YES;
				CLANG_WARN_SUSPICIOUS_MOVE = YES;
				CLANG_WARN_UNGUARDED_AVAILABILITY = YES_AGGRESSIVE;
				CLANG_WARN_UNREACHABLE_CODE = YES;
				CLANG_WARN__DUPLICATE_METHOD_MATCH = YES;
				COPY_PHASE_STRIP = NO;
				DEBUG_INFORMATION_FORMAT = "dwarf-with-dsym";
				ENABLE_NS_ASSERTIONS = NO;
				ENABLE_STRICT_OBJC_MSGSEND = YES;
				GCC_C_LANGUAGE_STANDARD = gnu11;
				GCC_NO_COMMON_BLOCKS = YES;
				GCC_WARN_64_TO_32_BIT_CONVERSION = YES;
				GCC_WARN_ABOUT_RETURN_TYPE = YES_ERROR;
				GCC_WARN_UNDECLARED_SELECTOR = YES;
				GCC_WARN_UNINITIALIZED_AUTOS = YES_AGGRESSIVE;
				GCC_WARN_UNUSED_FUNCTION = YES;
				GCC_WARN_UNUSED_VARIABLE = YES;
				IPHONEOS_DEPLOYMENT_TARGET = 14.4;
				MTL_ENABLE_DEBUG_INFO = NO;
				MTL_FAST_MATH = YES;
				SDKROOT = iphoneos;
				SWIFT_COMPILATION_MODE = wholemodule;
				SWIFT_OPTIMIZATION_LEVEL = "-O";
				VALIDATE_PRODUCT = YES;
			};
			name = Release;
		};
		351E3FC22702B6D700C09617 /* Debug */ = {
			isa = XCBuildConfiguration;
			baseConfigurationReference = 1D0DD75A00805788904B6F8C /* Pods-CETAC_Servicios.debug.xcconfig */;
			buildSettings = {
				ASSETCATALOG_COMPILER_APPICON_NAME = AppIcon;
				ASSETCATALOG_COMPILER_GLOBAL_ACCENT_COLOR_NAME = AccentColor;
				CODE_SIGN_STYLE = Automatic;
				INFOPLIST_FILE = CETAC_Servicios/Info.plist;
				LD_RUNPATH_SEARCH_PATHS = (
					"$(inherited)",
					"@executable_path/Frameworks",
				);
				PRODUCT_BUNDLE_IDENTIFIER = "mx.Equipo7LGF.CETAC-Servicios";
				PRODUCT_NAME = "$(TARGET_NAME)";
				SWIFT_VERSION = 5.0;
				TARGETED_DEVICE_FAMILY = "1,2";
			};
			name = Debug;
		};
		351E3FC32702B6D700C09617 /* Release */ = {
			isa = XCBuildConfiguration;
			baseConfigurationReference = 2EC447AD2E77ED22FC4929B3 /* Pods-CETAC_Servicios.release.xcconfig */;
			buildSettings = {
				ASSETCATALOG_COMPILER_APPICON_NAME = AppIcon;
				ASSETCATALOG_COMPILER_GLOBAL_ACCENT_COLOR_NAME = AccentColor;
				CODE_SIGN_STYLE = Automatic;
				INFOPLIST_FILE = CETAC_Servicios/Info.plist;
				LD_RUNPATH_SEARCH_PATHS = (
					"$(inherited)",
					"@executable_path/Frameworks",
				);
				PRODUCT_BUNDLE_IDENTIFIER = "mx.Equipo7LGF.CETAC-Servicios";
				PRODUCT_NAME = "$(TARGET_NAME)";
				SWIFT_VERSION = 5.0;
				TARGETED_DEVICE_FAMILY = "1,2";
			};
			name = Release;
		};
		3571BCDC271FC2CE008DEC0D /* Debug */ = {
			isa = XCBuildConfiguration;
			baseConfigurationReference = 8D1CC92EF11F1C79FBBA2D31 /* Pods-CETAC_ServiciosTests.debug.xcconfig */;
			buildSettings = {
				BUNDLE_LOADER = "$(TEST_HOST)";
				CODE_SIGN_STYLE = Automatic;
				INFOPLIST_FILE = CETAC_ServiciosTests/Info.plist;
				LD_RUNPATH_SEARCH_PATHS = (
					"$(inherited)",
					"@executable_path/Frameworks",
					"@loader_path/Frameworks",
				);
				PRODUCT_BUNDLE_IDENTIFIER = "mx.Equipo7.CETAC-ServiciosTests";
				PRODUCT_NAME = "$(TARGET_NAME)";
				SWIFT_VERSION = 5.0;
				TARGETED_DEVICE_FAMILY = "1,2";
				TEST_HOST = "$(BUILT_PRODUCTS_DIR)/CETAC_Servicios.app/CETAC_Servicios";
			};
			name = Debug;
		};
		3571BCDD271FC2CE008DEC0D /* Release */ = {
			isa = XCBuildConfiguration;
			baseConfigurationReference = 0502EC07E451EAB5E92B8AEF /* Pods-CETAC_ServiciosTests.release.xcconfig */;
			buildSettings = {
				BUNDLE_LOADER = "$(TEST_HOST)";
				CODE_SIGN_STYLE = Automatic;
				INFOPLIST_FILE = CETAC_ServiciosTests/Info.plist;
				LD_RUNPATH_SEARCH_PATHS = (
					"$(inherited)",
					"@executable_path/Frameworks",
					"@loader_path/Frameworks",
				);
				PRODUCT_BUNDLE_IDENTIFIER = "mx.Equipo7.CETAC-ServiciosTests";
				PRODUCT_NAME = "$(TARGET_NAME)";
				SWIFT_VERSION = 5.0;
				TARGETED_DEVICE_FAMILY = "1,2";
				TEST_HOST = "$(BUILT_PRODUCTS_DIR)/CETAC_Servicios.app/CETAC_Servicios";
			};
			name = Release;
		};
/* End XCBuildConfiguration section */

/* Begin XCConfigurationList section */
		351E3FA82702B6CD00C09617 /* Build configuration list for PBXProject "CETAC_Servicios" */ = {
			isa = XCConfigurationList;
			buildConfigurations = (
				351E3FBF2702B6D700C09617 /* Debug */,
				351E3FC02702B6D700C09617 /* Release */,
			);
			defaultConfigurationIsVisible = 0;
			defaultConfigurationName = Release;
		};
		351E3FC12702B6D700C09617 /* Build configuration list for PBXNativeTarget "CETAC_Servicios" */ = {
			isa = XCConfigurationList;
			buildConfigurations = (
				351E3FC22702B6D700C09617 /* Debug */,
				351E3FC32702B6D700C09617 /* Release */,
			);
			defaultConfigurationIsVisible = 0;
			defaultConfigurationName = Release;
		};
		3571BCDB271FC2CE008DEC0D /* Build configuration list for PBXNativeTarget "CETAC_ServiciosTests" */ = {
			isa = XCConfigurationList;
			buildConfigurations = (
				3571BCDC271FC2CE008DEC0D /* Debug */,
				3571BCDD271FC2CE008DEC0D /* Release */,
			);
			defaultConfigurationIsVisible = 0;
			defaultConfigurationName = Release;
		};
/* End XCConfigurationList section */
	};
	rootObject = 351E3FA52702B6CD00C09617 /* Project object */;
}
